
Microsoft Visual Studio Solution File, Format Version 12.00
# Visual Studio Version 16
VisualStudioVersion = 16.0.28803.352
MinimumVisualStudioVersion = 10.0.40219.1
Project("{FAE04EC0-301F-11D3-BF4B-00C04F79EFBC}") = "Palmes", "Palmes\Palmes.csproj", "{CF15BAED-782A-4CC8-BF15-853C3413BFF3}"
EndProject
Project("{FAE04EC0-301F-11D3-BF4B-00C04F79EFBC}") = "Palme", "Palme\Palme.csproj", "{C4E6BCB7-D5F4-44F7-BAAF-BB3389CBD9F2}"
EndProject
Global
	GlobalSection(SolutionConfigurationPlatforms) = preSolution
		Debug|Any CPU = Debug|Any CPU
		Release|Any CPU = Release|Any CPU
	EndGlobalSection
	GlobalSection(ProjectConfigurationPlatforms) = postSolution
		{CF15BAED-782A-4CC8-BF15-853C3413BFF3}.Debug|Any CPU.ActiveCfg = Debug|Any CPU
		{CF15BAED-782A-4CC8-BF15-853C3413BFF3}.Debug|Any CPU.Build.0 = Debug|Any CPU
		{CF15BAED-782A-4CC8-BF15-853C3413BFF3}.Release|Any CPU.ActiveCfg = Release|Any CPU
		{CF15BAED-782A-4CC8-BF15-853C3413BFF3}.Release|Any CPU.Build.0 = Release|Any CPU
		{C4E6BCB7-D5F4-44F7-BAAF-BB3389CBD9F2}.Debug|Any CPU.ActiveCfg = Debug|Any CPU
		{C4E6BCB7-D5F4-44F7-BAAF-BB3389CBD9F2}.Debug|Any CPU.Build.0 = Debug|Any CPU
		{C4E6BCB7-D5F4-44F7-BAAF-BB3389CBD9F2}.Release|Any CPU.ActiveCfg = Release|Any CPU
		{C4E6BCB7-D5F4-44F7-BAAF-BB3389CBD9F2}.Release|Any CPU.Build.0 = Release|Any CPU
	EndGlobalSection
	GlobalSection(SolutionProperties) = preSolution
		HideSolutionNode = FALSE
	EndGlobalSection
	GlobalSection(ExtensibilityGlobals) = postSolution
		SolutionGuid = {7CFBA6B1-FBEA-4B71-A73D-66E950F02C5F}
	EndGlobalSection
EndGlobal
