
Microsoft Visual Studio Solution File, Format Version 12.00
# Visual Studio Version 16
VisualStudioVersion = 16.0.28803.352
MinimumVisualStudioVersion = 10.0.40219.1
Project("{FAE04EC0-301F-11D3-BF4B-00C04F79EFBC}") = "Mokiniai", "Mokiniai\Mokiniai.csproj", "{5EC97998-83EB-4E62-89BB-B25DC1CDDF06}"
EndProject
Project("{FAE04EC0-301F-11D3-BF4B-00C04F79EFBC}") = "MokinysClass", "MokinysClass\MokinysClass.csproj", "{251E09A3-C4E8-455E-8A45-ACFACE20BF45}"
EndProject
Project("{FAE04EC0-301F-11D3-BF4B-00C04F79EFBC}") = "MokinioRepozitorija", "MokinioRepozitorija\MokinioRepozitorija.csproj", "{DD73804D-2427-4C17-90CB-FDA52CEA59EE}"
EndProject
Project("{FAE04EC0-301F-11D3-BF4B-00C04F79EFBC}") = "ReportGenerator", "ReportGenerator\ReportGenerator.csproj", "{2AF9E832-1A43-445C-80DD-7B9A9B0FC4E2}"
EndProject
Project("{FAE04EC0-301F-11D3-BF4B-00C04F79EFBC}") = "UnitTestProjectMokiniai", "UnitTestProjectMokiniai\UnitTestProjectMokiniai.csproj", "{F4EF3827-97DD-4D72-A77A-B3358C9FA942}"
EndProject
Global
	GlobalSection(SolutionConfigurationPlatforms) = preSolution
		Debug|Any CPU = Debug|Any CPU
		Release|Any CPU = Release|Any CPU
	EndGlobalSection
	GlobalSection(ProjectConfigurationPlatforms) = postSolution
		{5EC97998-83EB-4E62-89BB-B25DC1CDDF06}.Debug|Any CPU.ActiveCfg = Debug|Any CPU
		{5EC97998-83EB-4E62-89BB-B25DC1CDDF06}.Debug|Any CPU.Build.0 = Debug|Any CPU
		{5EC97998-83EB-4E62-89BB-B25DC1CDDF06}.Release|Any CPU.ActiveCfg = Release|Any CPU
		{5EC97998-83EB-4E62-89BB-B25DC1CDDF06}.Release|Any CPU.Build.0 = Release|Any CPU
		{251E09A3-C4E8-455E-8A45-ACFACE20BF45}.Debug|Any CPU.ActiveCfg = Debug|Any CPU
		{251E09A3-C4E8-455E-8A45-ACFACE20BF45}.Debug|Any CPU.Build.0 = Debug|Any CPU
		{251E09A3-C4E8-455E-8A45-ACFACE20BF45}.Release|Any CPU.ActiveCfg = Release|Any CPU
		{251E09A3-C4E8-455E-8A45-ACFACE20BF45}.Release|Any CPU.Build.0 = Release|Any CPU
		{DD73804D-2427-4C17-90CB-FDA52CEA59EE}.Debug|Any CPU.ActiveCfg = Debug|Any CPU
		{DD73804D-2427-4C17-90CB-FDA52CEA59EE}.Debug|Any CPU.Build.0 = Debug|Any CPU
		{DD73804D-2427-4C17-90CB-FDA52CEA59EE}.Release|Any CPU.ActiveCfg = Release|Any CPU
		{DD73804D-2427-4C17-90CB-FDA52CEA59EE}.Release|Any CPU.Build.0 = Release|Any CPU
		{2AF9E832-1A43-445C-80DD-7B9A9B0FC4E2}.Debug|Any CPU.ActiveCfg = Debug|Any CPU
		{2AF9E832-1A43-445C-80DD-7B9A9B0FC4E2}.Debug|Any CPU.Build.0 = Debug|Any CPU
		{2AF9E832-1A43-445C-80DD-7B9A9B0FC4E2}.Release|Any CPU.ActiveCfg = Release|Any CPU
		{2AF9E832-1A43-445C-80DD-7B9A9B0FC4E2}.Release|Any CPU.Build.0 = Release|Any CPU
		{F4EF3827-97DD-4D72-A77A-B3358C9FA942}.Debug|Any CPU.ActiveCfg = Debug|Any CPU
		{F4EF3827-97DD-4D72-A77A-B3358C9FA942}.Debug|Any CPU.Build.0 = Debug|Any CPU
		{F4EF3827-97DD-4D72-A77A-B3358C9FA942}.Release|Any CPU.ActiveCfg = Release|Any CPU
		{F4EF3827-97DD-4D72-A77A-B3358C9FA942}.Release|Any CPU.Build.0 = Release|Any CPU
	EndGlobalSection
	GlobalSection(SolutionProperties) = preSolution
		HideSolutionNode = FALSE
	EndGlobalSection
	GlobalSection(ExtensibilityGlobals) = postSolution
		SolutionGuid = {11A2C8B7-BD13-4DE0-8AB1-A129A300166F}
	EndGlobalSection
EndGlobal
