
Microsoft Visual Studio Solution File, Format Version 12.00
# Visual Studio Version 16
VisualStudioVersion = 16.0.28803.352
MinimumVisualStudioVersion = 10.0.40219.1
Project("{FAE04EC0-301F-11D3-BF4B-00C04F79EFBC}") = "Cezario_kodavimas", "Cezario_kodavimas\Cezario_kodavimas.csproj", "{B24B865F-6A0A-484A-B026-99D54430236D}"
EndProject
Global
	GlobalSection(SolutionConfigurationPlatforms) = preSolution
		Debug|Any CPU = Debug|Any CPU
		Release|Any CPU = Release|Any CPU
	EndGlobalSection
	GlobalSection(ProjectConfigurationPlatforms) = postSolution
		{B24B865F-6A0A-484A-B026-99D54430236D}.Debug|Any CPU.ActiveCfg = Debug|Any CPU
		{B24B865F-6A0A-484A-B026-99D54430236D}.Debug|Any CPU.Build.0 = Debug|Any CPU
		{B24B865F-6A0A-484A-B026-99D54430236D}.Release|Any CPU.ActiveCfg = Release|Any CPU
		{B24B865F-6A0A-484A-B026-99D54430236D}.Release|Any CPU.Build.0 = Release|Any CPU
	EndGlobalSection
	GlobalSection(SolutionProperties) = preSolution
		HideSolutionNode = FALSE
	EndGlobalSection
	GlobalSection(ExtensibilityGlobals) = postSolution
		SolutionGuid = {AF67B8A9-A010-42B0-ACD3-3D2B8780EA94}
	EndGlobalSection
EndGlobal
