
Microsoft Visual Studio Solution File, Format Version 12.00
# Visual Studio Version 16
VisualStudioVersion = 16.0.28803.352
MinimumVisualStudioVersion = 10.0.40219.1
Project("{FAE04EC0-301F-11D3-BF4B-00C04F79EFBC}") = "InvoiceUI", "InvoiceItemOutside\InvoiceUI.csproj", "{62098831-6517-46E1-8ECB-A82B9CD57FF9}"
EndProject
Project("{FAE04EC0-301F-11D3-BF4B-00C04F79EFBC}") = "InvoiceBL", "InvoiceBL\InvoiceBL.csproj", "{EE143CA3-72BD-4753-BD36-975C012CEDA7}"
EndProject
Global
	GlobalSection(SolutionConfigurationPlatforms) = preSolution
		Debug|Any CPU = Debug|Any CPU
		Release|Any CPU = Release|Any CPU
	EndGlobalSection
	GlobalSection(ProjectConfigurationPlatforms) = postSolution
		{62098831-6517-46E1-8ECB-A82B9CD57FF9}.Debug|Any CPU.ActiveCfg = Debug|Any CPU
		{62098831-6517-46E1-8ECB-A82B9CD57FF9}.Debug|Any CPU.Build.0 = Debug|Any CPU
		{62098831-6517-46E1-8ECB-A82B9CD57FF9}.Release|Any CPU.ActiveCfg = Release|Any CPU
		{62098831-6517-46E1-8ECB-A82B9CD57FF9}.Release|Any CPU.Build.0 = Release|Any CPU
		{EE143CA3-72BD-4753-BD36-975C012CEDA7}.Debug|Any CPU.ActiveCfg = Debug|Any CPU
		{EE143CA3-72BD-4753-BD36-975C012CEDA7}.Debug|Any CPU.Build.0 = Debug|Any CPU
		{EE143CA3-72BD-4753-BD36-975C012CEDA7}.Release|Any CPU.ActiveCfg = Release|Any CPU
		{EE143CA3-72BD-4753-BD36-975C012CEDA7}.Release|Any CPU.Build.0 = Release|Any CPU
	EndGlobalSection
	GlobalSection(SolutionProperties) = preSolution
		HideSolutionNode = FALSE
	EndGlobalSection
	GlobalSection(ExtensibilityGlobals) = postSolution
		SolutionGuid = {8E51E3EE-B9B0-4569-88D1-FB955B0A3E27}
	EndGlobalSection
EndGlobal
