
Microsoft Visual Studio Solution File, Format Version 12.00
# Visual Studio Version 16
VisualStudioVersion = 16.0.28803.352
MinimumVisualStudioVersion = 10.0.40219.1
Project("{FAE04EC0-301F-11D3-BF4B-00C04F79EFBC}") = "PraejimoKontrole", "PraejimoKontrole\PraejimoKontrole.csproj", "{026F4BD7-262D-4DDD-9B8F-3E9541B01563}"
EndProject
Project("{FAE04EC0-301F-11D3-BF4B-00C04F79EFBC}") = "HumanControl", "HumanControl\HumanControl.csproj", "{C20E9393-DDAB-4B2F-B818-2D08F74AABDC}"
EndProject
Global
	GlobalSection(SolutionConfigurationPlatforms) = preSolution
		Debug|Any CPU = Debug|Any CPU
		Release|Any CPU = Release|Any CPU
	EndGlobalSection
	GlobalSection(ProjectConfigurationPlatforms) = postSolution
		{026F4BD7-262D-4DDD-9B8F-3E9541B01563}.Debug|Any CPU.ActiveCfg = Debug|Any CPU
		{026F4BD7-262D-4DDD-9B8F-3E9541B01563}.Debug|Any CPU.Build.0 = Debug|Any CPU
		{026F4BD7-262D-4DDD-9B8F-3E9541B01563}.Release|Any CPU.ActiveCfg = Release|Any CPU
		{026F4BD7-262D-4DDD-9B8F-3E9541B01563}.Release|Any CPU.Build.0 = Release|Any CPU
		{C20E9393-DDAB-4B2F-B818-2D08F74AABDC}.Debug|Any CPU.ActiveCfg = Debug|Any CPU
		{C20E9393-DDAB-4B2F-B818-2D08F74AABDC}.Debug|Any CPU.Build.0 = Debug|Any CPU
		{C20E9393-DDAB-4B2F-B818-2D08F74AABDC}.Release|Any CPU.ActiveCfg = Release|Any CPU
		{C20E9393-DDAB-4B2F-B818-2D08F74AABDC}.Release|Any CPU.Build.0 = Release|Any CPU
	EndGlobalSection
	GlobalSection(SolutionProperties) = preSolution
		HideSolutionNode = FALSE
	EndGlobalSection
	GlobalSection(ExtensibilityGlobals) = postSolution
		SolutionGuid = {2BABCCD6-31A3-4F62-AC25-DC7C5C241AFA}
	EndGlobalSection
EndGlobal
