
Microsoft Visual Studio Solution File, Format Version 12.00
# Visual Studio Version 16
VisualStudioVersion = 16.0.29009.5
MinimumVisualStudioVersion = 10.0.40219.1
Project("{FAE04EC0-301F-11D3-BF4B-00C04F79EFBC}") = "ParduotuvesKasosSistema", "ParduotuvesKasosSistema\ParduotuvesKasosSistema.csproj", "{9599D2CF-607E-4E44-A83A-3BB0FBB150D1}"
EndProject
Project("{FAE04EC0-301F-11D3-BF4B-00C04F79EFBC}") = "ParduotuvesKasosSistemaBL", "ParduotuvesKasosSistemaBL\ParduotuvesKasosSistemaBL.csproj", "{1BECADE3-17D9-47A6-AB77-6994D1AD9B25}"
EndProject
Global
	GlobalSection(SolutionConfigurationPlatforms) = preSolution
		Debug|Any CPU = Debug|Any CPU
		Release|Any CPU = Release|Any CPU
	EndGlobalSection
	GlobalSection(ProjectConfigurationPlatforms) = postSolution
		{9599D2CF-607E-4E44-A83A-3BB0FBB150D1}.Debug|Any CPU.ActiveCfg = Debug|Any CPU
		{9599D2CF-607E-4E44-A83A-3BB0FBB150D1}.Debug|Any CPU.Build.0 = Debug|Any CPU
		{9599D2CF-607E-4E44-A83A-3BB0FBB150D1}.Release|Any CPU.ActiveCfg = Release|Any CPU
		{9599D2CF-607E-4E44-A83A-3BB0FBB150D1}.Release|Any CPU.Build.0 = Release|Any CPU
		{1BECADE3-17D9-47A6-AB77-6994D1AD9B25}.Debug|Any CPU.ActiveCfg = Debug|Any CPU
		{1BECADE3-17D9-47A6-AB77-6994D1AD9B25}.Debug|Any CPU.Build.0 = Debug|Any CPU
		{1BECADE3-17D9-47A6-AB77-6994D1AD9B25}.Release|Any CPU.ActiveCfg = Release|Any CPU
		{1BECADE3-17D9-47A6-AB77-6994D1AD9B25}.Release|Any CPU.Build.0 = Release|Any CPU
	EndGlobalSection
	GlobalSection(SolutionProperties) = preSolution
		HideSolutionNode = FALSE
	EndGlobalSection
	GlobalSection(ExtensibilityGlobals) = postSolution
		SolutionGuid = {5F53D528-58AB-4911-AD36-77DEB97790EF}
	EndGlobalSection
EndGlobal
